{
  "version": 4,
  "terraform_version": "1.0.2",
  "serial": 12,
  "lineage": "568626b5-5acc-1102-b828-627321cc79cb",
  "outputs": {
    "my_eip": {
      "value": {
        "address": null,
        "allocation_id": null,
        "associate_with_private_ip": null,
        "association_id": "",
        "carrier_ip": "",
        "customer_owned_ip": "",
        "customer_owned_ipv4_pool": "",
        "domain": "vpc",
        "id": "eipalloc-0412c911d0e6abc9e",
        "instance": "",
        "network_border_group": "ap-northeast-2",
        "network_interface": "",
        "private_dns": null,
        "private_ip": "",
        "public_dns": "ec2-54-180-215-16.ap-northeast-2.compute.amazonaws.com",
        "public_ip": "54.180.215.16",
        "public_ipv4_pool": "amazon",
        "tags": null,
        "tags_all": {},
        "timeouts": null,
        "vpc": true
      },
      "type": [
        "object",
        {
          "address": "string",
          "allocation_id": "string",
          "associate_with_private_ip": "string",
          "association_id": "string",
          "carrier_ip": "string",
          "customer_owned_ip": "string",
          "customer_owned_ipv4_pool": "string",
          "domain": "string",
          "id": "string",
          "instance": "string",
          "network_border_group": "string",
          "network_interface": "string",
          "private_dns": "string",
          "private_ip": "string",
          "public_dns": "string",
          "public_ip": "string",
          "public_ipv4_pool": "string",
          "tags": [
            "map",
            "string"
          ],
          "tags_all": [
            "map",
            "string"
          ],
          "timeouts": [
            "object",
            {
              "delete": "string",
              "read": "string",
              "update": "string"
            }
          ],
          "vpc": "bool"
        }
      ]
    },
    "my_private_subnets_ids": {
      "value": [],
      "type": [
        "tuple",
        []
      ]
    },
    "my_public_subnets_ids": {
      "value": [
        "subnet-07c091f3fd1fb78fc",
        "subnet-0a25d605add2ba265"
      ],
      "type": [
        "tuple",
        [
          "string",
          "string"
        ]
      ]
    },
    "vpc_id": {
      "value": "vpc-0e49d3429927fa58b",
      "type": "string"
    }
  },
  "resources": [
    {
      "mode": "managed",
      "type": "aws_eip",
      "name": "nat_eip",
      "provider": "provider[\"registry.terraform.io/hashicorp/aws\"]",
      "instances": [
        {
          "schema_version": 0,
          "attributes": {
            "address": null,
            "allocation_id": null,
            "associate_with_private_ip": null,
            "association_id": "",
            "carrier_ip": "",
            "customer_owned_ip": "",
            "customer_owned_ipv4_pool": "",
            "domain": "vpc",
            "id": "eipalloc-0412c911d0e6abc9e",
            "instance": "",
            "network_border_group": "ap-northeast-2",
            "network_interface": "",
            "private_dns": null,
            "private_ip": "",
            "public_dns": "ec2-54-180-215-16.ap-northeast-2.compute.amazonaws.com",
            "public_ip": "54.180.215.16",
            "public_ipv4_pool": "amazon",
            "tags": null,
            "tags_all": {},
            "timeouts": null,
            "vpc": true
          },
          "sensitive_attributes": [],
          "private": "eyJlMmJmYjczMC1lY2FhLTExZTYtOGY4OC0zNDM2M2JjN2M0YzAiOnsiZGVsZXRlIjoxODAwMDAwMDAwMDAsInJlYWQiOjkwMDAwMDAwMDAwMCwidXBkYXRlIjozMDAwMDAwMDAwMDB9fQ=="
        }
      ]
    },
    {
      "mode": "managed",
      "type": "aws_internet_gateway",
      "name": "my_igw",
      "provider": "provider[\"registry.terraform.io/hashicorp/aws\"]",
      "instances": [
        {
          "schema_version": 0,
          "attributes": {
            "arn": "arn:aws:ec2:ap-northeast-2:001243379513:internet-gateway/igw-0f3bbd60424880a8d",
            "id": "igw-0f3bbd60424880a8d",
            "owner_id": "001243379513",
            "tags": {
              "Environment": "dev",
              "Name": "dev-igw"
            },
            "tags_all": {
              "Environment": "dev",
              "Name": "dev-igw"
            },
            "vpc_id": "vpc-0e49d3429927fa58b"
          },
          "sensitive_attributes": [],
          "private": "bnVsbA==",
          "dependencies": [
            "aws_vpc.my_vpc"
          ]
        }
      ]
    },
    {
      "mode": "managed",
      "type": "aws_nat_gateway",
      "name": "nat_gw",
      "provider": "provider[\"registry.terraform.io/hashicorp/aws\"]",
      "instances": [
        {
          "index_key": 0,
          "schema_version": 0,
          "attributes": {
            "allocation_id": "eipalloc-0412c911d0e6abc9e",
            "connectivity_type": "public",
            "id": "nat-048692c470f5bd7be",
            "network_interface_id": "eni-00d53499e115b1461",
            "private_ip": "10.0.0.177",
            "public_ip": "54.180.215.16",
            "subnet_id": "subnet-07c091f3fd1fb78fc",
            "tags": {
              "Name": "dev-nat_gw"
            },
            "tags_all": {
              "Name": "dev-nat_gw"
            }
          },
          "sensitive_attributes": [],
          "private": "bnVsbA==",
          "dependencies": [
            "aws_eip.nat_eip",
            "aws_internet_gateway.my_igw",
            "aws_subnet.my_public_subnets",
            "aws_vpc.my_vpc"
          ]
        }
      ]
    },
    {
      "mode": "managed",
      "type": "aws_route",
      "name": "public_route",
      "provider": "provider[\"registry.terraform.io/hashicorp/aws\"]",
      "instances": [
        {
          "schema_version": 0,
          "attributes": {
            "carrier_gateway_id": "",
            "destination_cidr_block": "0.0.0.0/0",
            "destination_ipv6_cidr_block": "",
            "destination_prefix_list_id": "",
            "egress_only_gateway_id": "",
            "gateway_id": "igw-0f3bbd60424880a8d",
            "id": "r-rtb-031e34343575f6be51080289494",
            "instance_id": "",
            "instance_owner_id": "",
            "local_gateway_id": "",
            "nat_gateway_id": "",
            "network_interface_id": "",
            "origin": "CreateRoute",
            "route_table_id": "rtb-031e34343575f6be5",
            "state": "active",
            "timeouts": {
              "create": "5m",
              "delete": null
            },
            "transit_gateway_id": "",
            "vpc_endpoint_id": "",
            "vpc_peering_connection_id": ""
          },
          "sensitive_attributes": [],
          "private": "eyJlMmJmYjczMC1lY2FhLTExZTYtOGY4OC0zNDM2M2JjN2M0YzAiOnsiY3JlYXRlIjozMDAwMDAwMDAwMDAsImRlbGV0ZSI6MzAwMDAwMDAwMDAwfX0=",
          "dependencies": [
            "aws_internet_gateway.my_igw",
            "aws_route_table.public_rt",
            "aws_vpc.my_vpc"
          ]
        }
      ]
    },
    {
      "mode": "managed",
      "type": "aws_route_table",
      "name": "database_rt",
      "provider": "provider[\"registry.terraform.io/hashicorp/aws\"]",
      "instances": [
        {
          "schema_version": 0,
          "attributes": {
            "arn": "arn:aws:ec2:ap-northeast-2:001243379513:route-table/rtb-01266ccdfd863da72",
            "id": "rtb-01266ccdfd863da72",
            "owner_id": "001243379513",
            "propagating_vgws": [],
            "route": [],
            "tags": {
              "Environment": "dev",
              "Name": "dev-database_rt"
            },
            "tags_all": {
              "Environment": "dev",
              "Name": "dev-database_rt"
            },
            "vpc_id": "vpc-0e49d3429927fa58b"
          },
          "sensitive_attributes": [],
          "private": "bnVsbA==",
          "dependencies": [
            "aws_vpc.my_vpc"
          ]
        }
      ]
    },
    {
      "mode": "managed",
      "type": "aws_route_table",
      "name": "public_rt",
      "provider": "provider[\"registry.terraform.io/hashicorp/aws\"]",
      "instances": [
        {
          "schema_version": 0,
          "attributes": {
            "arn": "arn:aws:ec2:ap-northeast-2:001243379513:route-table/rtb-031e34343575f6be5",
            "id": "rtb-031e34343575f6be5",
            "owner_id": "001243379513",
            "propagating_vgws": [],
            "route": [],
            "tags": {
              "Environment": "dev",
              "Name": "dev-public_rt"
            },
            "tags_all": {
              "Environment": "dev",
              "Name": "dev-public_rt"
            },
            "vpc_id": "vpc-0e49d3429927fa58b"
          },
          "sensitive_attributes": [],
          "private": "bnVsbA==",
          "dependencies": [
            "aws_vpc.my_vpc"
          ]
        }
      ]
    },
    {
      "mode": "managed",
      "type": "aws_route_table_association",
      "name": "public_rt_assoc",
      "provider": "provider[\"registry.terraform.io/hashicorp/aws\"]",
      "instances": [
        {
          "index_key": 0,
          "schema_version": 0,
          "attributes": {
            "gateway_id": "",
            "id": "rtbassoc-0ecaa10dd3f4a2260",
            "route_table_id": "rtb-031e34343575f6be5",
            "subnet_id": "subnet-07c091f3fd1fb78fc"
          },
          "sensitive_attributes": [],
          "private": "bnVsbA==",
          "dependencies": [
            "aws_route_table.public_rt",
            "aws_subnet.my_public_subnets",
            "aws_vpc.my_vpc"
          ]
        },
        {
          "index_key": 1,
          "schema_version": 0,
          "attributes": {
            "gateway_id": "",
            "id": "rtbassoc-0fe22c70c739582c4",
            "route_table_id": "rtb-031e34343575f6be5",
            "subnet_id": "subnet-0a25d605add2ba265"
          },
          "sensitive_attributes": [],
          "private": "bnVsbA==",
          "dependencies": [
            "aws_route_table.public_rt",
            "aws_subnet.my_public_subnets",
            "aws_vpc.my_vpc"
          ]
        }
      ]
    },
    {
      "mode": "managed",
      "type": "aws_subnet",
      "name": "my_public_subnets",
      "provider": "provider[\"registry.terraform.io/hashicorp/aws\"]",
      "instances": [
        {
          "index_key": 0,
          "schema_version": 1,
          "attributes": {
            "arn": "arn:aws:ec2:ap-northeast-2:001243379513:subnet/subnet-07c091f3fd1fb78fc",
            "assign_ipv6_address_on_creation": false,
            "availability_zone": "ap-northeast-2a",
            "availability_zone_id": "apne2-az1",
            "cidr_block": "10.0.0.0/24",
            "customer_owned_ipv4_pool": "",
            "id": "subnet-07c091f3fd1fb78fc",
            "ipv6_cidr_block": "",
            "ipv6_cidr_block_association_id": "",
            "map_customer_owned_ip_on_launch": false,
            "map_public_ip_on_launch": true,
            "outpost_arn": "",
            "owner_id": "001243379513",
            "tags": {
              "Environment": "dev",
              "Name": "dev-public-subnet-01"
            },
            "tags_all": {
              "Environment": "dev",
              "Name": "dev-public-subnet-01"
            },
            "timeouts": null,
            "vpc_id": "vpc-0e49d3429927fa58b"
          },
          "sensitive_attributes": [],
          "private": "eyJlMmJmYjczMC1lY2FhLTExZTYtOGY4OC0zNDM2M2JjN2M0YzAiOnsiY3JlYXRlIjo2MDAwMDAwMDAwMDAsImRlbGV0ZSI6MTIwMDAwMDAwMDAwMH0sInNjaGVtYV92ZXJzaW9uIjoiMSJ9",
          "dependencies": [
            "aws_vpc.my_vpc"
          ]
        },
        {
          "index_key": 1,
          "schema_version": 1,
          "attributes": {
            "arn": "arn:aws:ec2:ap-northeast-2:001243379513:subnet/subnet-0a25d605add2ba265",
            "assign_ipv6_address_on_creation": false,
            "availability_zone": "ap-northeast-2c",
            "availability_zone_id": "apne2-az3",
            "cidr_block": "10.0.1.0/24",
            "customer_owned_ipv4_pool": "",
            "id": "subnet-0a25d605add2ba265",
            "ipv6_cidr_block": "",
            "ipv6_cidr_block_association_id": "",
            "map_customer_owned_ip_on_launch": false,
            "map_public_ip_on_launch": true,
            "outpost_arn": "",
            "owner_id": "001243379513",
            "tags": {
              "Environment": "dev",
              "Name": "dev-public-subnet-02"
            },
            "tags_all": {
              "Environment": "dev",
              "Name": "dev-public-subnet-02"
            },
            "timeouts": null,
            "vpc_id": "vpc-0e49d3429927fa58b"
          },
          "sensitive_attributes": [],
          "private": "eyJlMmJmYjczMC1lY2FhLTExZTYtOGY4OC0zNDM2M2JjN2M0YzAiOnsiY3JlYXRlIjo2MDAwMDAwMDAwMDAsImRlbGV0ZSI6MTIwMDAwMDAwMDAwMH0sInNjaGVtYV92ZXJzaW9uIjoiMSJ9",
          "dependencies": [
            "aws_vpc.my_vpc"
          ]
        }
      ]
    },
    {
      "mode": "managed",
      "type": "aws_vpc",
      "name": "my_vpc",
      "provider": "provider[\"registry.terraform.io/hashicorp/aws\"]",
      "instances": [
        {
          "schema_version": 1,
          "attributes": {
            "arn": "arn:aws:ec2:ap-northeast-2:001243379513:vpc/vpc-0e49d3429927fa58b",
            "assign_generated_ipv6_cidr_block": false,
            "cidr_block": "10.0.0.0/16",
            "default_network_acl_id": "acl-0a3157d8ddce42993",
            "default_route_table_id": "rtb-09fd1f11236686907",
            "default_security_group_id": "sg-0be48de7f47ea0965",
            "dhcp_options_id": "dopt-41ee8c2a",
            "enable_classiclink": null,
            "enable_classiclink_dns_support": null,
            "enable_dns_hostnames": true,
            "enable_dns_support": true,
            "id": "vpc-0e49d3429927fa58b",
            "instance_tenancy": "default",
            "ipv6_association_id": "",
            "ipv6_cidr_block": "",
            "main_route_table_id": "rtb-09fd1f11236686907",
            "owner_id": "001243379513",
            "tags": {
              "Environment": "dev",
              "Name": "dev-vpc"
            },
            "tags_all": {
              "Environment": "dev",
              "Name": "dev-vpc"
            }
          },
          "sensitive_attributes": [],
          "private": "eyJzY2hlbWFfdmVyc2lvbiI6IjEifQ=="
        }
      ]
    }
  ]
}
